
Microsoft Visual Studio Solution File, Format Version 12.00
# Visual Studio 14
VisualStudioVersion = 14.0.25420.1
MinimumVisualStudioVersion = 10.0.40219.1
Project("{FAE04EC0-301F-11D3-BF4B-00C04F79EFBC}") = "WeiqiUtils", "SGFParser\WeiqiUtils.csproj", "{BE4B3029-15A2-404A-8113-A936A7E1B233}"
EndProject
Project("{FAE04EC0-301F-11D3-BF4B-00C04F79EFBC}") = "WeiqiUX", "WeiqiUX\WeiqiUX.csproj", "{58AC8903-0F89-42A2-B6E6-ABE3EC52607D}"
	ProjectSection(ProjectDependencies) = postProject
		{BE4B3029-15A2-404A-8113-A936A7E1B233} = {BE4B3029-15A2-404A-8113-A936A7E1B233}
	EndProjectSection
EndProject
Project("{FAE04EC0-301F-11D3-BF4B-00C04F79EFBC}") = "ProblemUtils", "ProblemTree\ProblemUtils.csproj", "{3B130C26-E992-4EF0-AB6C-44F550E0D38C}"
	ProjectSection(ProjectDependencies) = postProject
		{BE4B3029-15A2-404A-8113-A936A7E1B233} = {BE4B3029-15A2-404A-8113-A936A7E1B233}
	EndProjectSection
EndProject
Global
	GlobalSection(SolutionConfigurationPlatforms) = preSolution
		Debug|Any CPU = Debug|Any CPU
		Debug|x86 = Debug|x86
		Release|Any CPU = Release|Any CPU
		Release|x86 = Release|x86
	EndGlobalSection
	GlobalSection(ProjectConfigurationPlatforms) = postSolution
		{BE4B3029-15A2-404A-8113-A936A7E1B233}.Debug|Any CPU.ActiveCfg = Debug|Any CPU
		{BE4B3029-15A2-404A-8113-A936A7E1B233}.Debug|Any CPU.Build.0 = Debug|Any CPU
		{BE4B3029-15A2-404A-8113-A936A7E1B233}.Debug|x86.ActiveCfg = Debug|x86
		{BE4B3029-15A2-404A-8113-A936A7E1B233}.Debug|x86.Build.0 = Debug|x86
		{BE4B3029-15A2-404A-8113-A936A7E1B233}.Release|Any CPU.ActiveCfg = Release|Any CPU
		{BE4B3029-15A2-404A-8113-A936A7E1B233}.Release|Any CPU.Build.0 = Release|Any CPU
		{BE4B3029-15A2-404A-8113-A936A7E1B233}.Release|x86.ActiveCfg = Release|x86
		{BE4B3029-15A2-404A-8113-A936A7E1B233}.Release|x86.Build.0 = Release|x86
		{58AC8903-0F89-42A2-B6E6-ABE3EC52607D}.Debug|Any CPU.ActiveCfg = Debug|Any CPU
		{58AC8903-0F89-42A2-B6E6-ABE3EC52607D}.Debug|Any CPU.Build.0 = Debug|Any CPU
		{58AC8903-0F89-42A2-B6E6-ABE3EC52607D}.Debug|x86.ActiveCfg = Debug|Any CPU
		{58AC8903-0F89-42A2-B6E6-ABE3EC52607D}.Debug|x86.Build.0 = Debug|Any CPU
		{58AC8903-0F89-42A2-B6E6-ABE3EC52607D}.Release|Any CPU.ActiveCfg = Release|Any CPU
		{58AC8903-0F89-42A2-B6E6-ABE3EC52607D}.Release|Any CPU.Build.0 = Release|Any CPU
		{58AC8903-0F89-42A2-B6E6-ABE3EC52607D}.Release|x86.ActiveCfg = Release|Any CPU
		{58AC8903-0F89-42A2-B6E6-ABE3EC52607D}.Release|x86.Build.0 = Release|Any CPU
		{3B130C26-E992-4EF0-AB6C-44F550E0D38C}.Debug|Any CPU.ActiveCfg = Debug|Any CPU
		{3B130C26-E992-4EF0-AB6C-44F550E0D38C}.Debug|Any CPU.Build.0 = Debug|Any CPU
		{3B130C26-E992-4EF0-AB6C-44F550E0D38C}.Debug|x86.ActiveCfg = Debug|Any CPU
		{3B130C26-E992-4EF0-AB6C-44F550E0D38C}.Debug|x86.Build.0 = Debug|Any CPU
		{3B130C26-E992-4EF0-AB6C-44F550E0D38C}.Release|Any CPU.ActiveCfg = Release|Any CPU
		{3B130C26-E992-4EF0-AB6C-44F550E0D38C}.Release|Any CPU.Build.0 = Release|Any CPU
		{3B130C26-E992-4EF0-AB6C-44F550E0D38C}.Release|x86.ActiveCfg = Release|Any CPU
		{3B130C26-E992-4EF0-AB6C-44F550E0D38C}.Release|x86.Build.0 = Release|Any CPU
	EndGlobalSection
	GlobalSection(SolutionProperties) = preSolution
		HideSolutionNode = FALSE
	EndGlobalSection
EndGlobal
